PODS:
  - Alamofire (4.4.0)
  - Kingfisher (4.10.1)

DEPENDENCIES:
  - Alamofire (= 4.4.0)
  - Kingfisher

SPEC REPOS:
  https://github.com/cocoapods/specs.git:
    - Alamofire
    - Kingfisher

SPEC CHECKSUMS:
  Alamofire: dc44b1600b800eb63da6a19039a0083d62a6a62d
  Kingfisher: c148cd7b47ebde9989f6bc7c27dcaa79d81279a0

PODFILE CHECKSUM: 6411e6aee6722135408c268a3289d5ac0e90b630

COCOAPODS: 1.5.3
