// !$*UTF8*$!
{
	archiveVersion = 1;
	classes = {
	};
	objectVersion = 50;
	objects = {

/* Begin PBXBuildFile section */
		23B0FB458E1E63EB91CDA5BB /* Pods_First_demoUITests.framework in Frameworks */ = {isa = PBXBuildFile; fileRef = 6DC6946BC2F6EB9B184036ED /* Pods_First_demoUITests.framework */; };
		6A25E24C21AFC3240063B58A /* AppDelegate.swift in Sources */ = {isa = PBXBuildFile; fileRef = 6A25E24B21AFC3240063B58A /* AppDelegate.swift */; };
		6A25E24E21AFC3240063B58A /* ViewController.swift in Sources */ = {isa = PBXBuildFile; fileRef = 6A25E24D21AFC3240063B58A /* ViewController.swift */; };
		6A25E25121AFC3240063B58A /* Main.storyboard in Resources */ = {isa = PBXBuildFile; fileRef = 6A25E24F21AFC3240063B58A /* Main.storyboard */; };
		6A25E25321AFC3270063B58A /* Assets.xcassets in Resources */ = {isa = PBXBuildFile; fileRef = 6A25E25221AFC3270063B58A /* Assets.xcassets */; };
		6A25E25621AFC3270063B58A /* LaunchScreen.storyboard in Resources */ = {isa = PBXBuildFile; fileRef = 6A25E25421AFC3270063B58A /* LaunchScreen.storyboard */; };
		6A25E26121AFC3270063B58A /* First_demoTests.swift in Sources */ = {isa = PBXBuildFile; fileRef = 6A25E26021AFC3270063B58A /* First_demoTests.swift */; };
		6A25E26C21AFC3270063B58A /* First_demoUITests.swift in Sources */ = {isa = PBXBuildFile; fileRef = 6A25E26B21AFC3270063B58A /* First_demoUITests.swift */; };
		6A92825F21E6143B004E1B74 /* Album.swift in Sources */ = {isa = PBXBuildFile; fileRef = 6A92825E21E6143B004E1B74 /* Album.swift */; };
		6AF0705721E5CC8D001746EF /* DataConnection.swift in Sources */ = {isa = PBXBuildFile; fileRef = 6AF0705621E5CC8D001746EF /* DataConnection.swift */; };
		6AF0705921E5CC97001746EF /* GlobalConstant.swift in Sources */ = {isa = PBXBuildFile; fileRef = 6AF0705821E5CC97001746EF /* GlobalConstant.swift */; };
		6AF0705B21E5CC9E001746EF /* GlobalMethods.swift in Sources */ = {isa = PBXBuildFile; fileRef = 6AF0705A21E5CC9E001746EF /* GlobalMethods.swift */; };
		6AF0705F21E5CCAB001746EF /* MBProgressHUD.m in Sources */ = {isa = PBXBuildFile; fileRef = 6AF0705E21E5CCAB001746EF /* MBProgressHUD.m */; };
		6AF0706221E5CCC9001746EF /* Reachability.m in Sources */ = {isa = PBXBuildFile; fileRef = 6AF0706021E5CCC9001746EF /* Reachability.m */; };
		6AF0706521E5CF1B001746EF /* Hotel.swift in Sources */ = {isa = PBXBuildFile; fileRef = 6AF0706421E5CF1B001746EF /* Hotel.swift */; };
		89FAC3295AC39350548BEA13 /* Pods_First_demoTests.framework in Frameworks */ = {isa = PBXBuildFile; fileRef = E723C7D48811C5DAE3100C1A /* Pods_First_demoTests.framework */; };
		DDA3A0B9B064DDB38BA084E7 /* Pods_First_demo.framework in Frameworks */ = {isa = PBXBuildFile; fileRef = D0AFD2D65A3689265C5D7E69 /* Pods_First_demo.framework */; };
/* End PBXBuildFile section */

/* Begin PBXContainerItemProxy section */
		6A25E25D21AFC3270063B58A /* PBXContainerItemProxy */ = {
			isa = PBXContainerItemProxy;
			containerPortal = 6A25E24021AFC3240063B58A /* Project object */;
			proxyType = 1;
			remoteGlobalIDString = 6A25E24721AFC3240063B58A;
			remoteInfo = "First demo";
		};
		6A25E26821AFC3270063B58A /* PBXContainerItemProxy */ = {
			isa = PBXContainerItemProxy;
			containerPortal = 6A25E24021AFC3240063B58A /* Project object */;
			proxyType = 1;
			remoteGlobalIDString = 6A25E24721AFC3240063B58A;
			remoteInfo = "First demo";
		};
/* End PBXContainerItemProxy section */

/* Begin PBXFileReference section */
		6A25E24821AFC3240063B58A /* First demo.app */ = {isa = PBXFileReference; explicitFileType = wrapper.application; includeInIndex = 0; path = "First demo.app"; sourceTree = BUILT_PRODUCTS_DIR; };
		6A25E24B21AFC3240063B58A /* AppDelegate.swift */ = {isa = PBXFileReference; lastKnownFileType = sourcecode.swift; path = AppDelegate.swift; sourceTree = "<group>"; };
		6A25E24D21AFC3240063B58A /* ViewController.swift */ = {isa = PBXFileReference; lastKnownFileType = sourcecode.swift; path = ViewController.swift; sourceTree = "<group>"; };
		6A25E25021AFC3240063B58A /* Base */ = {isa = PBXFileReference; lastKnownFileType = file.storyboard; name = Base; path = Base.lproj/Main.storyboard; sourceTree = "<group>"; };
		6A25E25221AFC3270063B58A /* Assets.xcassets */ = {isa = PBXFileReference; lastKnownFileType = folder.assetcatalog; path = Assets.xcassets; sourceTree = "<group>"; };
		6A25E25521AFC3270063B58A /* Base */ = {isa = PBXFileReference; lastKnownFileType = file.storyboard; name = Base; path = Base.lproj/LaunchScreen.storyboard; sourceTree = "<group>"; };
		6A25E25721AFC3270063B58A /* Info.plist */ = {isa = PBXFileReference; lastKnownFileType = text.plist.xml; path = Info.plist; sourceTree = "<group>"; };
		6A25E25C21AFC3270063B58A /* First demoTests.xctest */ = {isa = PBXFileReference; explicitFileType = wrapper.cfbundle; includeInIndex = 0; path = "First demoTests.xctest"; sourceTree = BUILT_PRODUCTS_DIR; };
		6A25E26021AFC3270063B58A /* First_demoTests.swift */ = {isa = PBXFileReference; lastKnownFileType = sourcecode.swift; path = First_demoTests.swift; sourceTree = "<group>"; };
		6A25E26221AFC3270063B58A /* Info.plist */ = {isa = PBXFileReference; lastKnownFileType = text.plist.xml; path = Info.plist; sourceTree = "<group>"; };
		6A25E26721AFC3270063B58A /* First demoUITests.xctest */ = {isa = PBXFileReference; explicitFileType = wrapper.cfbundle; includeInIndex = 0; path = "First demoUITests.xctest"; sourceTree = BUILT_PRODUCTS_DIR; };
		6A25E26B21AFC3270063B58A /* First_demoUITests.swift */ = {isa = PBXFileReference; lastKnownFileType = sourcecode.swift; path = First_demoUITests.swift; sourceTree = "<group>"; };
		6A25E26D21AFC3270063B58A /* Info.plist */ = {isa = PBXFileReference; lastKnownFileType = text.plist.xml; path = Info.plist; sourceTree = "<group>"; };
		6A92825E21E6143B004E1B74 /* Album.swift */ = {isa = PBXFileReference; lastKnownFileType = sourcecode.swift; path = Album.swift; sourceTree = "<group>"; };
		6AF0705621E5CC8D001746EF /* DataConnection.swift */ = {isa = PBXFileReference; fileEncoding = 4; lastKnownFileType = sourcecode.swift; path = DataConnection.swift; sourceTree = "<group>"; };
		6AF0705821E5CC97001746EF /* GlobalConstant.swift */ = {isa = PBXFileReference; fileEncoding = 4; lastKnownFileType = sourcecode.swift; path = GlobalConstant.swift; sourceTree = "<group>"; };
		6AF0705A21E5CC9E001746EF /* GlobalMethods.swift */ = {isa = PBXFileReference; fileEncoding = 4; lastKnownFileType = sourcecode.swift; path = GlobalMethods.swift; sourceTree = "<group>"; };
		6AF0705C21E5CCAA001746EF /* First demo-Bridging-Header.h */ = {isa = PBXFileReference; lastKnownFileType = sourcecode.c.h; path = "First demo-Bridging-Header.h"; sourceTree = "<group>"; };
		6AF0705D21E5CCAB001746EF /* MBProgressHUD.h */ = {isa = PBXFileReference; fileEncoding = 4; lastKnownFileType = sourcecode.c.h; path = MBProgressHUD.h; sourceTree = "<group>"; };
		6AF0705E21E5CCAB001746EF /* MBProgressHUD.m */ = {isa = PBXFileReference; fileEncoding = 4; lastKnownFileType = sourcecode.c.objc; path = MBProgressHUD.m; sourceTree = "<group>"; };
		6AF0706021E5CCC9001746EF /* Reachability.m */ = {isa = PBXFileReference; fileEncoding = 4; lastKnownFileType = sourcecode.c.objc; path = Reachability.m; sourceTree = "<group>"; };
		6AF0706121E5CCC9001746EF /* Reachability.h */ = {isa = PBXFileReference; fileEncoding = 4; lastKnownFileType = sourcecode.c.h; path = Reachability.h; sourceTree = "<group>"; };
		6AF0706421E5CF1B001746EF /* Hotel.swift */ = {isa = PBXFileReference; lastKnownFileType = sourcecode.swift; path = Hotel.swift; sourceTree = "<group>"; };
		6DC6946BC2F6EB9B184036ED /* Pods_First_demoUITests.framework */ = {isa = PBXFileReference; explicitFileType = wrapper.framework; includeInIndex = 0; path = Pods_First_demoUITests.framework; sourceTree = BUILT_PRODUCTS_DIR; };
		7F2CCDBB4C7CB57FF28CABE0 /* Pods-First demo.release.xcconfig */ = {isa = PBXFileReference; includeInIndex = 1; lastKnownFileType = text.xcconfig; name = "Pods-First demo.release.xcconfig"; path = "Pods/Target Support Files/Pods-First demo/Pods-First demo.release.xcconfig"; sourceTree = "<group>"; };
		7F9D3FD82EA942D252149E07 /* Pods-First demoTests.release.xcconfig */ = {isa = PBXFileReference; includeInIndex = 1; lastKnownFileType = text.xcconfig; name = "Pods-First demoTests.release.xcconfig"; path = "Pods/Target Support Files/Pods-First demoTests/Pods-First demoTests.release.xcconfig"; sourceTree = "<group>"; };
		825F1613ECCF204643E03729 /* Pods-First demoUITests.debug.xcconfig */ = {isa = PBXFileReference; includeInIndex = 1; lastKnownFileType = text.xcconfig; name = "Pods-First demoUITests.debug.xcconfig"; path = "Pods/Target Support Files/Pods-First demoUITests/Pods-First demoUITests.debug.xcconfig"; sourceTree = "<group>"; };
		86CD75B2C3D1AC2035D554EB /* Pods-First demoTests.debug.xcconfig */ = {isa = PBXFileReference; includeInIndex = 1; lastKnownFileType = text.xcconfig; name = "Pods-First demoTests.debug.xcconfig"; path = "Pods/Target Support Files/Pods-First demoTests/Pods-First demoTests.debug.xcconfig"; sourceTree = "<group>"; };
		C049D2C292CDB42C21628A80 /* Pods-First demo.debug.xcconfig */ = {isa = PBXFileReference; includeInIndex = 1; lastKnownFileType = text.xcconfig; name = "Pods-First demo.debug.xcconfig"; path = "Pods/Target Support Files/Pods-First demo/Pods-First demo.debug.xcconfig"; sourceTree = "<group>"; };
		D07BA1DEE3ACE65B63965A75 /* Pods-First demoUITests.release.xcconfig */ = {isa = PBXFileReference; includeInIndex = 1; lastKnownFileType = text.xcconfig; name = "Pods-First demoUITests.release.xcconfig"; path = "Pods/Target Support Files/Pods-First demoUITests/Pods-First demoUITests.release.xcconfig"; sourceTree = "<group>"; };
		D0AFD2D65A3689265C5D7E69 /* Pods_First_demo.framework */ = {isa = PBXFileReference; explicitFileType = wrapper.framework; includeInIndex = 0; path = Pods_First_demo.framework; sourceTree = BUILT_PRODUCTS_DIR; };
		E723C7D48811C5DAE3100C1A /* Pods_First_demoTests.framework */ = {isa = PBXFileReference; explicitFileType = wrapper.framework; includeInIndex = 0; path = Pods_First_demoTests.framework; sourceTree = BUILT_PRODUCTS_DIR; };
/* End PBXFileReference section */

/* Begin PBXFrameworksBuildPhase section */
		6A25E24521AFC3240063B58A /* Frameworks */ = {
			isa = PBXFrameworksBuildPhase;
			buildActionMask = 2147483647;
			files = (
				DDA3A0B9B064DDB38BA084E7 /* Pods_First_demo.framework in Frameworks */,
			);
			runOnlyForDeploymentPostprocessing = 0;
		};
		6A25E25921AFC3270063B58A /* Frameworks */ = {
			isa = PBXFrameworksBuildPhase;
			buildActionMask = 2147483647;
			files = (
				89FAC3295AC39350548BEA13 /* Pods_First_demoTests.framework in Frameworks */,
			);
			runOnlyForDeploymentPostprocessing = 0;
		};
		6A25E26421AFC3270063B58A /* Frameworks */ = {
			isa = PBXFrameworksBuildPhase;
			buildActionMask = 2147483647;
			files = (
				23B0FB458E1E63EB91CDA5BB /* Pods_First_demoUITests.framework in Frameworks */,
			);
			runOnlyForDeploymentPostprocessing = 0;
		};
/* End PBXFrameworksBuildPhase section */

/* Begin PBXGroup section */
		4844DCB753F9E24530F77561 /* Pods */ = {
			isa = PBXGroup;
			children = (
				C049D2C292CDB42C21628A80 /* Pods-First demo.debug.xcconfig */,
				7F2CCDBB4C7CB57FF28CABE0 /* Pods-First demo.release.xcconfig */,
				86CD75B2C3D1AC2035D554EB /* Pods-First demoTests.debug.xcconfig */,
				7F9D3FD82EA942D252149E07 /* Pods-First demoTests.release.xcconfig */,
				825F1613ECCF204643E03729 /* Pods-First demoUITests.debug.xcconfig */,
				D07BA1DEE3ACE65B63965A75 /* Pods-First demoUITests.release.xcconfig */,
			);
			name = Pods;
			sourceTree = "<group>";
		};
		6A25E23F21AFC3240063B58A = {
			isa = PBXGroup;
			children = (
				6A25E24A21AFC3240063B58A /* First demo */,
				6A25E25F21AFC3270063B58A /* First demoTests */,
				6A25E26A21AFC3270063B58A /* First demoUITests */,
				6A25E24921AFC3240063B58A /* Products */,
				4844DCB753F9E24530F77561 /* Pods */,
				F320657071CF5FEBA54BCB22 /* Frameworks */,
			);
			sourceTree = "<group>";
		};
		6A25E24921AFC3240063B58A /* Products */ = {
			isa = PBXGroup;
			children = (
				6A25E24821AFC3240063B58A /* First demo.app */,
				6A25E25C21AFC3270063B58A /* First demoTests.xctest */,
				6A25E26721AFC3270063B58A /* First demoUITests.xctest */,
			);
			name = Products;
			sourceTree = "<group>";
		};
		6A25E24A21AFC3240063B58A /* First demo */ = {
			isa = PBXGroup;
			children = (
				6AF0706321E5CF0A001746EF /* Model */,
				6AF0705521E5CB83001746EF /* Controller */,
				6AF0704F21E5CB16001746EF /* Library */,
				6A25E24B21AFC3240063B58A /* AppDelegate.swift */,
				6A25E24F21AFC3240063B58A /* Main.storyboard */,
				6A25E25221AFC3270063B58A /* Assets.xcassets */,
				6A25E25421AFC3270063B58A /* LaunchScreen.storyboard */,
				6A25E25721AFC3270063B58A /* Info.plist */,
			);
			path = "First demo";
			sourceTree = "<group>";
		};
		6A25E25F21AFC3270063B58A /* First demoTests */ = {
			isa = PBXGroup;
			children = (
				6A25E26021AFC3270063B58A /* First_demoTests.swift */,
				6A25E26221AFC3270063B58A /* Info.plist */,
			);
			path = "First demoTests";
			sourceTree = "<group>";
		};
		6A25E26A21AFC3270063B58A /* First demoUITests */ = {
			isa = PBXGroup;
			children = (
				6A25E26B21AFC3270063B58A /* First_demoUITests.swift */,
				6A25E26D21AFC3270063B58A /* Info.plist */,
			);
			path = "First demoUITests";
			sourceTree = "<group>";
		};
		6AF0704F21E5CB16001746EF /* Library */ = {
			isa = PBXGroup;
			children = (
				6AF0705421E5CB6D001746EF /* Connection */,
				6AF0705321E5CB64001746EF /* Rechability */,
				6AF0705221E5CB54001746EF /* MBProgressHUD */,
				6AF0705121E5CB42001746EF /* Methods */,
				6AF0705021E5CB35001746EF /* Constant */,
			);
			path = Library;
			sourceTree = "<group>";
		};
		6AF0705021E5CB35001746EF /* Constant */ = {
			isa = PBXGroup;
			children = (
				6AF0705821E5CC97001746EF /* GlobalConstant.swift */,
			);
			path = Constant;
			sourceTree = "<group>";
		};
		6AF0705121E5CB42001746EF /* Methods */ = {
			isa = PBXGroup;
			children = (
				6AF0705A21E5CC9E001746EF /* GlobalMethods.swift */,
			);
			path = Methods;
			sourceTree = "<group>";
		};
		6AF0705221E5CB54001746EF /* MBProgressHUD */ = {
			isa = PBXGroup;
			children = (
				6AF0705C21E5CCAA001746EF /* First demo-Bridging-Header.h */,
				6AF0705D21E5CCAB001746EF /* MBProgressHUD.h */,
				6AF0705E21E5CCAB001746EF /* MBProgressHUD.m */,
			);
			path = MBProgressHUD;
			sourceTree = "<group>";
		};
		6AF0705321E5CB64001746EF /* Rechability */ = {
			isa = PBXGroup;
			children = (
				6AF0706121E5CCC9001746EF /* Reachability.h */,
				6AF0706021E5CCC9001746EF /* Reachability.m */,
			);
			path = Rechability;
			sourceTree = "<group>";
		};
		6AF0705421E5CB6D001746EF /* Connection */ = {
			isa = PBXGroup;
			children = (
				6AF0705621E5CC8D001746EF /* DataConnection.swift */,
			);
			path = Connection;
			sourceTree = "<group>";
		};
		6AF0705521E5CB83001746EF /* Controller */ = {
			isa = PBXGroup;
			children = (
				6A25E24D21AFC3240063B58A /* ViewController.swift */,
			);
			path = Controller;
			sourceTree = "<group>";
		};
		6AF0706321E5CF0A001746EF /* Model */ = {
			isa = PBXGroup;
			children = (
				6AF0706421E5CF1B001746EF /* Hotel.swift */,
				6A92825E21E6143B004E1B74 /* Album.swift */,
			);
			path = Model;
			sourceTree = "<group>";
		};
		F320657071CF5FEBA54BCB22 /* Frameworks */ = {
			isa = PBXGroup;
			children = (
				D0AFD2D65A3689265C5D7E69 /* Pods_First_demo.framework */,
				E723C7D48811C5DAE3100C1A /* Pods_First_demoTests.framework */,
				6DC6946BC2F6EB9B184036ED /* Pods_First_demoUITests.framework */,
			);
			name = Frameworks;
			sourceTree = "<group>";
		};
/* End PBXGroup section */

/* Begin PBXNativeTarget section */
		6A25E24721AFC3240063B58A /* First demo */ = {
			isa = PBXNativeTarget;
			buildConfigurationList = 6A25E27021AFC3270063B58A /* Build configuration list for PBXNativeTarget "First demo" */;
			buildPhases = (
				01096FAE193322E4F86015DA /* [CP] Check Pods Manifest.lock */,
				6A25E24421AFC3240063B58A /* Sources */,
				6A25E24521AFC3240063B58A /* Frameworks */,
				6A25E24621AFC3240063B58A /* Resources */,
				09E47F8AC1C536FE456F0704 /* [CP] Embed Pods Frameworks */,
			);
			buildRules = (
			);
			dependencies = (
			);
			name = "First demo";
			productName = "First demo";
			productReference = 6A25E24821AFC3240063B58A /* First demo.app */;
			productType = "com.apple.product-type.application";
		};
		6A25E25B21AFC3270063B58A /* First demoTests */ = {
			isa = PBXNativeTarget;
			buildConfigurationList = 6A25E27321AFC3270063B58A /* Build configuration list for PBXNativeTarget "First demoTests" */;
			buildPhases = (
				3C61282DC74FEB008C0EA677 /* [CP] Check Pods Manifest.lock */,
				6A25E25821AFC3270063B58A /* Sources */,
				6A25E25921AFC3270063B58A /* Frameworks */,
				6A25E25A21AFC3270063B58A /* Resources */,
			);
			buildRules = (
			);
			dependencies = (
				6A25E25E21AFC3270063B58A /* PBXTargetDependency */,
			);
			name = "First demoTests";
			productName = "First demoTests";
			productReference = 6A25E25C21AFC3270063B58A /* First demoTests.xctest */;
			productType = "com.apple.product-type.bundle.unit-test";
		};
		6A25E26621AFC3270063B58A /* First demoUITests */ = {
			isa = PBXNativeTarget;
			buildConfigurationList = 6A25E27621AFC3270063B58A /* Build configuration list for PBXNativeTarget "First demoUITests" */;
			buildPhases = (
				C9D44FCBBB9E36869A241B8A /* [CP] Check Pods Manifest.lock */,
				6A25E26321AFC3270063B58A /* Sources */,
				6A25E26421AFC3270063B58A /* Frameworks */,
				6A25E26521AFC3270063B58A /* Resources */,
			);
			buildRules = (
			);
			dependencies = (
				6A25E26921AFC3270063B58A /* PBXTargetDependency */,
			);
			name = "First demoUITests";
			productName = "First demoUITests";
			productReference = 6A25E26721AFC3270063B58A /* First demoUITests.xctest */;
			productType = "com.apple.product-type.bundle.ui-testing";
		};
/* End PBXNativeTarget section */

/* Begin PBXProject section */
		6A25E24021AFC3240063B58A /* Project object */ = {
			isa = PBXProject;
			attributes = {
				LastSwiftUpdateCheck = 1010;
				LastUpgradeCheck = 1010;
				ORGANIZATIONNAME = "Webs Optimization";
				TargetAttributes = {
					6A25E24721AFC3240063B58A = {
						CreatedOnToolsVersion = 10.1;
						LastSwiftMigration = 1010;
					};
					6A25E25B21AFC3270063B58A = {
						CreatedOnToolsVersion = 10.1;
						TestTargetID = 6A25E24721AFC3240063B58A;
					};
					6A25E26621AFC3270063B58A = {
						CreatedOnToolsVersion = 10.1;
						TestTargetID = 6A25E24721AFC3240063B58A;
					};
				};
			};
			buildConfigurationList = 6A25E24321AFC3240063B58A /* Build configuration list for PBXProject "First demo" */;
			compatibilityVersion = "Xcode 9.3";
			developmentRegion = en;
			hasScannedForEncodings = 0;
			knownRegions = (
				en,
				Base,
			);
			mainGroup = 6A25E23F21AFC3240063B58A;
			productRefGroup = 6A25E24921AFC3240063B58A /* Products */;
			projectDirPath = "";
			projectRoot = "";
			targets = (
				6A25E24721AFC3240063B58A /* First demo */,
				6A25E25B21AFC3270063B58A /* First demoTests */,
				6A25E26621AFC3270063B58A /* First demoUITests */,
			);
		};
/* End PBXProject section */

/* Begin PBXResourcesBuildPhase section */
		6A25E24621AFC3240063B58A /* Resources */ = {
			isa = PBXResourcesBuildPhase;
			buildActionMask = 2147483647;
			files = (
				6A25E25621AFC3270063B58A /* LaunchScreen.storyboard in Resources */,
				6A25E25321AFC3270063B58A /* Assets.xcassets in Resources */,
				6A25E25121AFC3240063B58A /* Main.storyboard in Resources */,
			);
			runOnlyForDeploymentPostprocessing = 0;
		};
		6A25E25A21AFC3270063B58A /* Resources */ = {
			isa = PBXResourcesBuildPhase;
			buildActionMask = 2147483647;
			files = (
			);
			runOnlyForDeploymentPostprocessing = 0;
		};
		6A25E26521AFC3270063B58A /* Resources */ = {
			isa = PBXResourcesBuildPhase;
			buildActionMask = 2147483647;
			files = (
			);
			runOnlyForDeploymentPostprocessing = 0;
		};
/* End PBXResourcesBuildPhase section */

/* Begin PBXShellScriptBuildPhase section */
		01096FAE193322E4F86015DA /* [CP] Check Pods Manifest.lock */ = {
			isa = PBXShellScriptBuildPhase;
			buildActionMask = 2147483647;
			files = (
			);
			inputFileListPaths = (
			);
			inputPaths = (
				"${PODS_PODFILE_DIR_PATH}/Podfile.lock",
				"${PODS_ROOT}/Manifest.lock",
			);
			name = "[CP] Check Pods Manifest.lock";
			outputFileListPaths = (
			);
			outputPaths = (
				"$(DERIVED_FILE_DIR)/Pods-First demo-checkManifestLockResult.txt",
			);
			runOnlyForDeploymentPostprocessing = 0;
			shellPath = /bin/sh;
			shellScript = "diff \"${PODS_PODFILE_DIR_PATH}/Podfile.lock\" \"${PODS_ROOT}/Manifest.lock\" > /dev/null\nif [ $? != 0 ] ; then\n    # print error to STDERR\n    echo \"error: The sandbox is not in sync with the Podfile.lock. Run 'pod install' or update your CocoaPods installation.\" >&2\n    exit 1\nfi\n# This output is used by Xcode 'outputs' to avoid re-running this script phase.\necho \"SUCCESS\" > \"${SCRIPT_OUTPUT_FILE_0}\"\n";
			showEnvVarsInLog = 0;
		};
		09E47F8AC1C536FE456F0704 /* [CP] Embed Pods Frameworks */ = {
			isa = PBXShellScriptBuildPhase;
			buildActionMask = 2147483647;
			files = (
			);
			inputFileListPaths = (
			);
			inputPaths = (
				"${SRCROOT}/Pods/Target Support Files/Pods-First demo/Pods-First demo-frameworks.sh",
				"${BUILT_PRODUCTS_DIR}/Alamofire/Alamofire.framework",
				"${BUILT_PRODUCTS_DIR}/Kingfisher/Kingfisher.framework",
			);
			name = "[CP] Embed Pods Frameworks";
			outputFileListPaths = (
			);
			outputPaths = (
				"${TARGET_BUILD_DIR}/${FRAMEWORKS_FOLDER_PATH}/Alamofire.framework",
				"${TARGET_BUILD_DIR}/${FRAMEWORKS_FOLDER_PATH}/Kingfisher.framework",
			);
			runOnlyForDeploymentPostprocessing = 0;
			shellPath = /bin/sh;
			shellScript = "\"${SRCROOT}/Pods/Target Support Files/Pods-First demo/Pods-First demo-frameworks.sh\"\n";
			showEnvVarsInLog = 0;
		};
		3C61282DC74FEB008C0EA677 /* [CP] Check Pods Manifest.lock */ = {
			isa = PBXShellScriptBuildPhase;
			buildActionMask = 2147483647;
			files = (
			);
			inputFileListPaths = (
			);
			inputPaths = (
				"${PODS_PODFILE_DIR_PATH}/Podfile.lock",
				"${PODS_ROOT}/Manifest.lock",
			);
			name = "[CP] Check Pods Manifest.lock";
			outputFileListPaths = (
			);
			outputPaths = (
				"$(DERIVED_FILE_DIR)/Pods-First demoTests-checkManifestLockResult.txt",
			);
			runOnlyForDeploymentPostprocessing = 0;
			shellPath = /bin/sh;
			shellScript = "diff \"${PODS_PODFILE_DIR_PATH}/Podfile.lock\" \"${PODS_ROOT}/Manifest.lock\" > /dev/null\nif [ $? != 0 ] ; then\n    # print error to STDERR\n    echo \"error: The sandbox is not in sync with the Podfile.lock. Run 'pod install' or update your CocoaPods installation.\" >&2\n    exit 1\nfi\n# This output is used by Xcode 'outputs' to avoid re-running this script phase.\necho \"SUCCESS\" > \"${SCRIPT_OUTPUT_FILE_0}\"\n";
			showEnvVarsInLog = 0;
		};
		C9D44FCBBB9E36869A241B8A /* [CP] Check Pods Manifest.lock */ = {
			isa = PBXShellScriptBuildPhase;
			buildActionMask = 2147483647;
			files = (
			);
			inputFileListPaths = (
			);
			inputPaths = (
				"${PODS_PODFILE_DIR_PATH}/Podfile.lock",
				"${PODS_ROOT}/Manifest.lock",
			);
			name = "[CP] Check Pods Manifest.lock";
			outputFileListPaths = (
			);
			outputPaths = (
				"$(DERIVED_FILE_DIR)/Pods-First demoUITests-checkManifestLockResult.txt",
			);
			runOnlyForDeploymentPostprocessing = 0;
			shellPath = /bin/sh;
			shellScript = "diff \"${PODS_PODFILE_DIR_PATH}/Podfile.lock\" \"${PODS_ROOT}/Manifest.lock\" > /dev/null\nif [ $? != 0 ] ; then\n    # print error to STDERR\n    echo \"error: The sandbox is not in sync with the Podfile.lock. Run 'pod install' or update your CocoaPods installation.\" >&2\n    exit 1\nfi\n# This output is used by Xcode 'outputs' to avoid re-running this script phase.\necho \"SUCCESS\" > \"${SCRIPT_OUTPUT_FILE_0}\"\n";
			showEnvVarsInLog = 0;
		};
/* End PBXShellScriptBuildPhase section */

/* Begin PBXSourcesBuildPhase section */
		6A25E24421AFC3240063B58A /* Sources */ = {
			isa = PBXSourcesBuildPhase;
			buildActionMask = 2147483647;
			files = (
				6A25E24E21AFC3240063B58A /* ViewController.swift in Sources */,
				6AF0705F21E5CCAB001746EF /* MBProgressHUD.m in Sources */,
				6AF0706521E5CF1B001746EF /* Hotel.swift in Sources */,
				6A25E24C21AFC3240063B58A /* AppDelegate.swift in Sources */,
				6AF0706221E5CCC9001746EF /* Reachability.m in Sources */,
				6A92825F21E6143B004E1B74 /* Album.swift in Sources */,
				6AF0705921E5CC97001746EF /* GlobalConstant.swift in Sources */,
				6AF0705B21E5CC9E001746EF /* GlobalMethods.swift in Sources */,
				6AF0705721E5CC8D001746EF /* DataConnection.swift in Sources */,
			);
			runOnlyForDeploymentPostprocessing = 0;
		};
		6A25E25821AFC3270063B58A /* Sources */ = {
			isa = PBXSourcesBuildPhase;
			buildActionMask = 2147483647;
			files = (
				6A25E26121AFC3270063B58A /* First_demoTests.swift in Sources */,
			);
			runOnlyForDeploymentPostprocessing = 0;
		};
		6A25E26321AFC3270063B58A /* Sources */ = {
			isa = PBXSourcesBuildPhase;
			buildActionMask = 2147483647;
			files = (
				6A25E26C21AFC3270063B58A /* First_demoUITests.swift in Sources */,
			);
			runOnlyForDeploymentPostprocessing = 0;
		};
/* End PBXSourcesBuildPhase section */

/* Begin PBXTargetDependency section */
		6A25E25E21AFC3270063B58A /* PBXTargetDependency */ = {
			isa = PBXTargetDependency;
			target = 6A25E24721AFC3240063B58A /* First demo */;
			targetProxy = 6A25E25D21AFC3270063B58A /* PBXContainerItemProxy */;
		};
		6A25E26921AFC3270063B58A /* PBXTargetDependency */ = {
			isa = PBXTargetDependency;
			target = 6A25E24721AFC3240063B58A /* First demo */;
			targetProxy = 6A25E26821AFC3270063B58A /* PBXContainerItemProxy */;
		};
/* End PBXTargetDependency section */

/* Begin PBXVariantGroup section */
		6A25E24F21AFC3240063B58A /* Main.storyboard */ = {
			isa = PBXVariantGroup;
			children = (
				6A25E25021AFC3240063B58A /* Base */,
			);
			name = Main.storyboard;
			sourceTree = "<group>";
		};
		6A25E25421AFC3270063B58A /* LaunchScreen.storyboard */ = {
			isa = PBXVariantGroup;
			children = (
				6A25E25521AFC3270063B58A /* Base */,
			);
			name = LaunchScreen.storyboard;
			sourceTree = "<group>";
		};
/* End PBXVariantGroup section */

/* Begin XCBuildConfiguration section */
		6A25E26E21AFC3270063B58A /* Debug */ = {
			isa = XCBuildConfiguration;
			buildSettings = {
				ALWAYS_SEARCH_USER_PATHS = NO;
				CLANG_ANALYZER_NONNULL = YES;
				CLANG_ANALYZER_NUMBER_OBJECT_CONVERSION = YES_AGGRESSIVE;
				CLANG_CXX_LANGUAGE_STANDARD = "gnu++14";
				CLANG_CXX_LIBRARY = "libc++";
				CLANG_ENABLE_MODULES = YES;
				CLANG_ENABLE_OBJC_ARC = YES;
				CLANG_ENABLE_OBJC_WEAK = YES;
				CLANG_WARN_BLOCK_CAPTURE_AUTORELEASING = YES;
				CLANG_WARN_BOOL_CONVERSION = YES;
				CLANG_WARN_COMMA = YES;
				CLANG_WARN_CONSTANT_CONVERSION = YES;
				CLANG_WARN_DEPRECATED_OBJC_IMPLEMENTATIONS = YES;
				CLANG_WARN_DIRECT_OBJC_ISA_USAGE = YES_ERROR;
				CLANG_WARN_DOCUMENTATION_COMMENTS = YES;
				CLANG_WARN_EMPTY_BODY = YES;
				CLANG_WARN_ENUM_CONVERSION = YES;
				CLANG_WARN_INFINITE_RECURSION = YES;
				CLANG_WARN_INT_CONVERSION = YES;
				CLANG_WARN_NON_LITERAL_NULL_CONVERSION = YES;
				CLANG_WARN_OBJC_IMPLICIT_RETAIN_SELF = YES;
				CLANG_WARN_OBJC_LITERAL_CONVERSION = YES;
				CLANG_WARN_OBJC_ROOT_CLASS = YES_ERROR;
				CLANG_WARN_RANGE_LOOP_ANALYSIS = YES;
				CLANG_WARN_STRICT_PROTOTYPES = YES;
				CLANG_WARN_SUSPICIOUS_MOVE = YES;
				CLANG_WARN_UNGUARDED_AVAILABILITY = YES_AGGRESSIVE;
				CLANG_WARN_UNREACHABLE_CODE = YES;
				CLANG_WARN__DUPLICATE_METHOD_MATCH = YES;
				CODE_SIGN_IDENTITY = "iPhone Developer";
				COPY_PHASE_STRIP = NO;
				DEBUG_INFORMATION_FORMAT = dwarf;
				ENABLE_STRICT_OBJC_MSGSEND = YES;
				ENABLE_TESTABILITY = YES;
				GCC_C_LANGUAGE_STANDARD = gnu11;
				GCC_DYNAMIC_NO_PIC = NO;
				GCC_NO_COMMON_BLOCKS = YES;
				GCC_OPTIMIZATION_LEVEL = 0;
				GCC_PREPROCESSOR_DEFINITIONS = (
					"DEBUG=1",
					"$(inherited)",
				);
				GCC_WARN_64_TO_32_BIT_CONVERSION = YES;
				GCC_WARN_ABOUT_RETURN_TYPE = YES_ERROR;
				GCC_WARN_UNDECLARED_SELECTOR = YES;
				GCC_WARN_UNINITIALIZED_AUTOS = YES_AGGRESSIVE;
				GCC_WARN_UNUSED_FUNCTION = YES;
				GCC_WARN_UNUSED_VARIABLE = YES;
				IPHONEOS_DEPLOYMENT_TARGET = 12.1;
				MTL_ENABLE_DEBUG_INFO = INCLUDE_SOURCE;
				MTL_FAST_MATH = YES;
				ONLY_ACTIVE_ARCH = YES;
				SDKROOT = iphoneos;
				SWIFT_ACTIVE_COMPILATION_CONDITIONS = DEBUG;
				SWIFT_OPTIMIZATION_LEVEL = "-Onone";
			};
			name = Debug;
		};
		6A25E26F21AFC3270063B58A /* Release */ = {
			isa = XCBuildConfiguration;
			buildSettings = {
				ALWAYS_SEARCH_USER_PATHS = NO;
				CLANG_ANALYZER_NONNULL = YES;
				CLANG_ANALYZER_NUMBER_OBJECT_CONVERSION = YES_AGGRESSIVE;
				CLANG_CXX_LANGUAGE_STANDARD = "gnu++14";
				CLANG_CXX_LIBRARY = "libc++";
				CLANG_ENABLE_MODULES = YES;
				CLANG_ENABLE_OBJC_ARC = YES;
				CLANG_ENABLE_OBJC_WEAK = YES;
				CLANG_WARN_BLOCK_CAPTURE_AUTORELEASING = YES;
				CLANG_WARN_BOOL_CONVERSION = YES;
				CLANG_WARN_COMMA = YES;
				CLANG_WARN_CONSTANT_CONVERSION = YES;
				CLANG_WARN_DEPRECATED_OBJC_IMPLEMENTATIONS = YES;
				CLANG_WARN_DIRECT_OBJC_ISA_USAGE = YES_ERROR;
				CLANG_WARN_DOCUMENTATION_COMMENTS = YES;
				CLANG_WARN_EMPTY_BODY = YES;
				CLANG_WARN_ENUM_CONVERSION = YES;
				CLANG_WARN_INFINITE_RECURSION = YES;
				CLANG_WARN_INT_CONVERSION = YES;
				CLANG_WARN_NON_LITERAL_NULL_CONVERSION = YES;
				CLANG_WARN_OBJC_IMPLICIT_RETAIN_SELF = YES;
				CLANG_WARN_OBJC_LITERAL_CONVERSION = YES;
				CLANG_WARN_OBJC_ROOT_CLASS = YES_ERROR;
				CLANG_WARN_RANGE_LOOP_ANALYSIS = YES;
				CLANG_WARN_STRICT_PROTOTYPES = YES;
				CLANG_WARN_SUSPICIOUS_MOVE = YES;
				CLANG_WARN_UNGUARDED_AVAILABILITY = YES_AGGRESSIVE;
				CLANG_WARN_UNREACHABLE_CODE = YES;
				CLANG_WARN__DUPLICATE_METHOD_MATCH = YES;
				CODE_SIGN_IDENTITY = "iPhone Developer";
				COPY_PHASE_STRIP = NO;
				DEBUG_INFORMATION_FORMAT = "dwarf-with-dsym";
				ENABLE_NS_ASSERTIONS = NO;
				ENABLE_STRICT_OBJC_MSGSEND = YES;
				GCC_C_LANGUAGE_STANDARD = gnu11;
				GCC_NO_COMMON_BLOCKS = YES;
				GCC_WARN_64_TO_32_BIT_CONVERSION = YES;
				GCC_WARN_ABOUT_RETURN_TYPE = YES_ERROR;
				GCC_WARN_UNDECLARED_SELECTOR = YES;
				GCC_WARN_UNINITIALIZED_AUTOS = YES_AGGRESSIVE;
				GCC_WARN_UNUSED_FUNCTION = YES;
				GCC_WARN_UNUSED_VARIABLE = YES;
				IPHONEOS_DEPLOYMENT_TARGET = 12.1;
				MTL_ENABLE_DEBUG_INFO = NO;
				MTL_FAST_MATH = YES;
				SDKROOT = iphoneos;
				SWIFT_COMPILATION_MODE = wholemodule;
				SWIFT_OPTIMIZATION_LEVEL = "-O";
				VALIDATE_PRODUCT = YES;
			};
			name = Release;
		};
		6A25E27121AFC3270063B58A /* Debug */ = {
			isa = XCBuildConfiguration;
			baseConfigurationReference = C049D2C292CDB42C21628A80 /* Pods-First demo.debug.xcconfig */;
			buildSettings = {
				ASSETCATALOG_COMPILER_APPICON_NAME = AppIcon;
				CLANG_ENABLE_MODULES = YES;
				CODE_SIGN_STYLE = Automatic;
				DEVELOPMENT_TEAM = JZV29KR8BZ;
				INFOPLIST_FILE = "First demo/Info.plist";
				IPHONEOS_DEPLOYMENT_TARGET = 10.0;
				LD_RUNPATH_SEARCH_PATHS = (
					"$(inherited)",
					"@executable_path/Frameworks",
				);
				PRODUCT_BUNDLE_IDENTIFIER = "com.ios.webs.First-demo";
				PRODUCT_NAME = "$(TARGET_NAME)";
				SWIFT_OBJC_BRIDGING_HEADER = "First demo/Library/MBProgressHUD/First demo-Bridging-Header.h";
				SWIFT_OPTIMIZATION_LEVEL = "-Onone";
				SWIFT_VERSION = 4.2;
				TARGETED_DEVICE_FAMILY = "1,2";
			};
			name = Debug;
		};
		6A25E27221AFC3270063B58A /* Release */ = {
			isa = XCBuildConfiguration;
			baseConfigurationReference = 7F2CCDBB4C7CB57FF28CABE0 /* Pods-First demo.release.xcconfig */;
			buildSettings = {
				ASSETCATALOG_COMPILER_APPICON_NAME = AppIcon;
				CLANG_ENABLE_MODULES = YES;
				CODE_SIGN_STYLE = Automatic;
				DEVELOPMENT_TEAM = JZV29KR8BZ;
				INFOPLIST_FILE = "First demo/Info.plist";
				IPHONEOS_DEPLOYMENT_TARGET = 10.0;
				LD_RUNPATH_SEARCH_PATHS = (
					"$(inherited)",
					"@executable_path/Frameworks",
				);
				PRODUCT_BUNDLE_IDENTIFIER = "com.ios.webs.First-demo";
				PRODUCT_NAME = "$(TARGET_NAME)";
				SWIFT_OBJC_BRIDGING_HEADER = "First demo/Library/MBProgressHUD/First demo-Bridging-Header.h";
				SWIFT_VERSION = 4.2;
				TARGETED_DEVICE_FAMILY = "1,2";
			};
			name = Release;
		};
		6A25E27421AFC3270063B58A /* Debug */ = {
			isa = XCBuildConfiguration;
			baseConfigurationReference = 86CD75B2C3D1AC2035D554EB /* Pods-First demoTests.debug.xcconfig */;
			buildSettings = {
				ALWAYS_EMBED_SWIFT_STANDARD_LIBRARIES = YES;
				BUNDLE_LOADER = "$(TEST_HOST)";
				CODE_SIGN_STYLE = Automatic;
				INFOPLIST_FILE = "First demoTests/Info.plist";
				LD_RUNPATH_SEARCH_PATHS = (
					"$(inherited)",
					"@executable_path/Frameworks",
					"@loader_path/Frameworks",
				);
				PRODUCT_BUNDLE_IDENTIFIER = "com.ios.webs.First-demoTests";
				PRODUCT_NAME = "$(TARGET_NAME)";
				SWIFT_VERSION = 4.2;
				TARGETED_DEVICE_FAMILY = "1,2";
				TEST_HOST = "$(BUILT_PRODUCTS_DIR)/First demo.app/First demo";
			};
			name = Debug;
		};
		6A25E27521AFC3270063B58A /* Release */ = {
			isa = XCBuildConfiguration;
			baseConfigurationReference = 7F9D3FD82EA942D252149E07 /* Pods-First demoTests.release.xcconfig */;
			buildSettings = {
				ALWAYS_EMBED_SWIFT_STANDARD_LIBRARIES = YES;
				BUNDLE_LOADER = "$(TEST_HOST)";
				CODE_SIGN_STYLE = Automatic;
				INFOPLIST_FILE = "First demoTests/Info.plist";
				LD_RUNPATH_SEARCH_PATHS = (
					"$(inherited)",
					"@executable_path/Frameworks",
					"@loader_path/Frameworks",
				);
				PRODUCT_BUNDLE_IDENTIFIER = "com.ios.webs.First-demoTests";
				PRODUCT_NAME = "$(TARGET_NAME)";
				SWIFT_VERSION = 4.2;
				TARGETED_DEVICE_FAMILY = "1,2";
				TEST_HOST = "$(BUILT_PRODUCTS_DIR)/First demo.app/First demo";
			};
			name = Release;
		};
		6A25E27721AFC3270063B58A /* Debug */ = {
			isa = XCBuildConfiguration;
			baseConfigurationReference = 825F1613ECCF204643E03729 /* Pods-First demoUITests.debug.xcconfig */;
			buildSettings = {
				ALWAYS_EMBED_SWIFT_STANDARD_LIBRARIES = YES;
				CODE_SIGN_STYLE = Automatic;
				INFOPLIST_FILE = "First demoUITests/Info.plist";
				LD_RUNPATH_SEARCH_PATHS = (
					"$(inherited)",
					"@executable_path/Frameworks",
					"@loader_path/Frameworks",
				);
				PRODUCT_BUNDLE_IDENTIFIER = "com.ios.webs.First-demoUITests";
				PRODUCT_NAME = "$(TARGET_NAME)";
				SWIFT_VERSION = 4.2;
				TARGETED_DEVICE_FAMILY = "1,2";
				TEST_TARGET_NAME = "First demo";
			};
			name = Debug;
		};
		6A25E27821AFC3270063B58A /* Release */ = {
			isa = XCBuildConfiguration;
			baseConfigurationReference = D07BA1DEE3ACE65B63965A75 /* Pods-First demoUITests.release.xcconfig */;
			buildSettings = {
				ALWAYS_EMBED_SWIFT_STANDARD_LIBRARIES = YES;
				CODE_SIGN_STYLE = Automatic;
				INFOPLIST_FILE = "First demoUITests/Info.plist";
				LD_RUNPATH_SEARCH_PATHS = (
					"$(inherited)",
					"@executable_path/Frameworks",
					"@loader_path/Frameworks",
				);
				PRODUCT_BUNDLE_IDENTIFIER = "com.ios.webs.First-demoUITests";
				PRODUCT_NAME = "$(TARGET_NAME)";
				SWIFT_VERSION = 4.2;
				TARGETED_DEVICE_FAMILY = "1,2";
				TEST_TARGET_NAME = "First demo";
			};
			name = Release;
		};
/* End XCBuildConfiguration section */

/* Begin XCConfigurationList section */
		6A25E24321AFC3240063B58A /* Build configuration list for PBXProject "First demo" */ = {
			isa = XCConfigurationList;
			buildConfigurations = (
				6A25E26E21AFC3270063B58A /* Debug */,
				6A25E26F21AFC3270063B58A /* Release */,
			);
			defaultConfigurationIsVisible = 0;
			defaultConfigurationName = Release;
		};
		6A25E27021AFC3270063B58A /* Build configuration list for PBXNativeTarget "First demo" */ = {
			isa = XCConfigurationList;
			buildConfigurations = (
				6A25E27121AFC3270063B58A /* Debug */,
				6A25E27221AFC3270063B58A /* Release */,
			);
			defaultConfigurationIsVisible = 0;
			defaultConfigurationName = Release;
		};
		6A25E27321AFC3270063B58A /* Build configuration list for PBXNativeTarget "First demoTests" */ = {
			isa = XCConfigurationList;
			buildConfigurations = (
				6A25E27421AFC3270063B58A /* Debug */,
				6A25E27521AFC3270063B58A /* Release */,
			);
			defaultConfigurationIsVisible = 0;
			defaultConfigurationName = Release;
		};
		6A25E27621AFC3270063B58A /* Build configuration list for PBXNativeTarget "First demoUITests" */ = {
			isa = XCConfigurationList;
			buildConfigurations = (
				6A25E27721AFC3270063B58A /* Debug */,
				6A25E27821AFC3270063B58A /* Release */,
			);
			defaultConfigurationIsVisible = 0;
			defaultConfigurationName = Release;
		};
/* End XCConfigurationList section */
	};
	rootObject = 6A25E24021AFC3240063B58A /* Project object */;
}
